
Microsoft Visual Studio Solution File, Format Version 12.00
# Visual Studio Version 17
VisualStudioVersion = 17.1.31911.260
MinimumVisualStudioVersion = 10.0.40219.1
Project("{9A19103F-16F7-4668-BE54-9A1E7A4F7556}") = "Compiler", "Compiler\Compiler.csproj", "{3BCBF79F-6428-420E-9834-DE5F66ABF462}"
EndProject
Project("{9A19103F-16F7-4668-BE54-9A1E7A4F7556}") = "GameCode", "GameCode\GameCode.csproj", "{9F3BCBF7-6428-420E-9834-DE5F66ABF462}"
EndProject
Project("{9A19103F-16F7-4668-BE54-9A1E7A4F7556}") = "GameCore", "GameCore\GameCore.csproj", "{BF79F3BC-420E-6428-9834-DE5F66ABF462}"
EndProject
Project("{9A19103F-16F7-4668-BE54-9A1E7A4F7556}") = "BigfileBuilder", "BigfileBuilder\BigfileBuilder.csproj", "{0969B4F5-DA6E-4494-9A54-C85D8AABA053}"
EndProject
Project("{9A19103F-16F7-4668-BE54-9A1E7A4F7556}") = "MetaTest", "MetaTest\MetaTest.csproj", "{11CF3083-6D15-4F12-BC69-C6F60AF2875A}"
EndProject
Global
	GlobalSection(SolutionConfigurationPlatforms) = preSolution
		Debug|Any CPU = Debug|Any CPU
		Release|Any CPU = Release|Any CPU
	EndGlobalSection
	GlobalSection(ProjectConfigurationPlatforms) = postSolution
		{3BCBF79F-6428-420E-9834-DE5F66ABF462}.Debug|Any CPU.ActiveCfg = Debug|Any CPU
		{3BCBF79F-6428-420E-9834-DE5F66ABF462}.Debug|Any CPU.Build.0 = Debug|Any CPU
		{3BCBF79F-6428-420E-9834-DE5F66ABF462}.Release|Any CPU.ActiveCfg = Release|Any CPU
		{3BCBF79F-6428-420E-9834-DE5F66ABF462}.Release|Any CPU.Build.0 = Release|Any CPU
		{9F3BCBF7-6428-420E-9834-DE5F66ABF462}.Debug|Any CPU.ActiveCfg = Debug|Any CPU
		{9F3BCBF7-6428-420E-9834-DE5F66ABF462}.Debug|Any CPU.Build.0 = Debug|Any CPU
		{9F3BCBF7-6428-420E-9834-DE5F66ABF462}.Release|Any CPU.ActiveCfg = Release|Any CPU
		{9F3BCBF7-6428-420E-9834-DE5F66ABF462}.Release|Any CPU.Build.0 = Release|Any CPU
		{BF79F3BC-420E-6428-9834-DE5F66ABF462}.Debug|Any CPU.ActiveCfg = Debug|Any CPU
		{BF79F3BC-420E-6428-9834-DE5F66ABF462}.Debug|Any CPU.Build.0 = Debug|Any CPU
		{BF79F3BC-420E-6428-9834-DE5F66ABF462}.Release|Any CPU.ActiveCfg = Release|Any CPU
		{BF79F3BC-420E-6428-9834-DE5F66ABF462}.Release|Any CPU.Build.0 = Release|Any CPU
		{0969B4F5-DA6E-4494-9A54-C85D8AABA053}.Debug|Any CPU.ActiveCfg = Debug|Any CPU
		{0969B4F5-DA6E-4494-9A54-C85D8AABA053}.Debug|Any CPU.Build.0 = Debug|Any CPU
		{0969B4F5-DA6E-4494-9A54-C85D8AABA053}.Release|Any CPU.ActiveCfg = Release|Any CPU
		{0969B4F5-DA6E-4494-9A54-C85D8AABA053}.Release|Any CPU.Build.0 = Release|Any CPU
		{11CF3083-6D15-4F12-BC69-C6F60AF2875A}.Debug|Any CPU.ActiveCfg = Debug|Any CPU
		{11CF3083-6D15-4F12-BC69-C6F60AF2875A}.Debug|Any CPU.Build.0 = Debug|Any CPU
		{11CF3083-6D15-4F12-BC69-C6F60AF2875A}.Release|Any CPU.ActiveCfg = Release|Any CPU
		{11CF3083-6D15-4F12-BC69-C6F60AF2875A}.Release|Any CPU.Build.0 = Release|Any CPU
	EndGlobalSection
	GlobalSection(SolutionProperties) = preSolution
		HideSolutionNode = FALSE
	EndGlobalSection
	GlobalSection(ExtensibilityGlobals) = postSolution
		SolutionGuid = {A59B9226-C709-4729-BBEC-C84AADB33CD1}
	EndGlobalSection
EndGlobal
