Microsoft Visual Studio Solution File, Format Version 12.00
# Visual Studio Version 17
VisualStudioVersion = 17.1.31911.260
MinimumVisualStudioVersion = 10.0.40219.1
Project("{9A19103F-16F7-4668-BE54-9A1E7A4F7556}") = "GameData", "GameData.csproj", "{3BCBF79F-6428-420E-9834-DE5F66ABF462}"
EndProject
Project("{9A19103F-16F7-4668-BE54-9A1E7A4F7556}") = "AI", "AI\AI.csproj", "{3DCCAB1B-23F1-4BC5-8200-ED881E8EA702}"
EndProject
Project("{9A19103F-16F7-4668-BE54-9A1E7A4F7556}") = "Fonts", "Fonts\Fonts.csproj", "{C6B1136D-DFFE-49C8-9AA1-EDCCB73449EF}"
EndProject
Global
	GlobalSection(SolutionConfigurationPlatforms) = preSolution
		Debug|Any CPU = Debug|Any CPU
		Release|Any CPU = Release|Any CPU
	EndGlobalSection
	GlobalSection(ProjectConfigurationPlatforms) = postSolution
		{3BCBF79F-6428-420E-9834-DE5F66ABF462}.Debug|Any CPU.ActiveCfg = Debug|Any CPU
		{3BCBF79F-6428-420E-9834-DE5F66ABF462}.Debug|Any CPU.Build.0 = Debug|Any CPU
		{3BCBF79F-6428-420E-9834-DE5F66ABF462}.Release|Any CPU.ActiveCfg = Release|Any CPU
		{3BCBF79F-6428-420E-9834-DE5F66ABF462}.Release|Any CPU.Build.0 = Release|Any CPU
		{3DCCAB1B-23F1-4BC5-8200-ED881E8EA702}.Debug|Any CPU.ActiveCfg = Debug|Any CPU
		{3DCCAB1B-23F1-4BC5-8200-ED881E8EA702}.Debug|Any CPU.Build.0 = Debug|Any CPU
		{3DCCAB1B-23F1-4BC5-8200-ED881E8EA702}.Release|Any CPU.ActiveCfg = Release|Any CPU
		{3DCCAB1B-23F1-4BC5-8200-ED881E8EA702}.Release|Any CPU.Build.0 = Release|Any CPU
		{C6B1136D-DFFE-49C8-9AA1-EDCCB73449EF}.Debug|Any CPU.ActiveCfg = Debug|Any CPU
		{C6B1136D-DFFE-49C8-9AA1-EDCCB73449EF}.Debug|Any CPU.Build.0 = Debug|Any CPU
		{C6B1136D-DFFE-49C8-9AA1-EDCCB73449EF}.Release|Any CPU.ActiveCfg = Release|Any CPU
		{C6B1136D-DFFE-49C8-9AA1-EDCCB73449EF}.Release|Any CPU.Build.0 = Release|Any CPU
	EndGlobalSection
	GlobalSection(SolutionProperties) = preSolution
		HideSolutionNode = FALSE
	EndGlobalSection
	GlobalSection(ExtensibilityGlobals) = postSolution
		SolutionGuid = {FFB55899-281C-4A4E-B67A-40B55C81DA7A}
	EndGlobalSection
EndGlobal
